// !$*UTF8*$!
{
	archiveVersion = 1;
	classes = {
	};
	objectVersion = 46;
	objects = {

/* Begin PBXBuildFile section */
		3E8483AD8DB9C3D59A9A74B0 /* Pods_Flick.framework in Frameworks */ = {isa = PBXBuildFile; fileRef = 27CB22CA23B99253E06A660A /* Pods_Flick.framework */; };
		840ECB4F1EF246F30054A9D7 /* DetailViewController.swift in Sources */ = {isa = PBXBuildFile; fileRef = 840ECB4E1EF246F30054A9D7 /* DetailViewController.swift */; };
		8416ABC21EF66E6000BBD58D /* ColorExtension.swift in Sources */ = {isa = PBXBuildFile; fileRef = 8416ABC11EF66E6000BBD58D /* ColorExtension.swift */; };
		8416ABC41EF6798500BBD58D /* UIExtension.swift in Sources */ = {isa = PBXBuildFile; fileRef = 8416ABC31EF6798500BBD58D /* UIExtension.swift */; };
		84287DEC1EF018FA002EF340 /* AppDelegate.swift in Sources */ = {isa = PBXBuildFile; fileRef = 84287DEB1EF018FA002EF340 /* AppDelegate.swift */; };
		84287DEE1EF018FA002EF340 /* ViewController.swift in Sources */ = {isa = PBXBuildFile; fileRef = 84287DED1EF018FA002EF340 /* ViewController.swift */; };
		84287DF11EF018FA002EF340 /* Main.storyboard in Resources */ = {isa = PBXBuildFile; fileRef = 84287DEF1EF018FA002EF340 /* Main.storyboard */; };
		84287DF31EF018FA002EF340 /* Assets.xcassets in Resources */ = {isa = PBXBuildFile; fileRef = 84287DF21EF018FA002EF340 /* Assets.xcassets */; };
		84287DF61EF018FA002EF340 /* LaunchScreen.storyboard in Resources */ = {isa = PBXBuildFile; fileRef = 84287DF41EF018FA002EF340 /* LaunchScreen.storyboard */; };
		84287E011EF021AA002EF340 /* MovieCell.swift in Sources */ = {isa = PBXBuildFile; fileRef = 84287E001EF021AA002EF340 /* MovieCell.swift */; };
/* End PBXBuildFile section */

/* Begin PBXFileReference section */
		03FC86BAC89F31155C929A75 /* Pods-Flick.release.xcconfig */ = {isa = PBXFileReference; includeInIndex = 1; lastKnownFileType = text.xcconfig; name = "Pods-Flick.release.xcconfig"; path = "Pods/Target Support Files/Pods-Flick/Pods-Flick.release.xcconfig"; sourceTree = "<group>"; };
		27CB22CA23B99253E06A660A /* Pods_Flick.framework */ = {isa = PBXFileReference; explicitFileType = wrapper.framework; includeInIndex = 0; path = Pods_Flick.framework; sourceTree = BUILT_PRODUCTS_DIR; };
		705B4A0EE65236C74F2DAE7D /* Pods-Flick.debug.xcconfig */ = {isa = PBXFileReference; includeInIndex = 1; lastKnownFileType = text.xcconfig; name = "Pods-Flick.debug.xcconfig"; path = "Pods/Target Support Files/Pods-Flick/Pods-Flick.debug.xcconfig"; sourceTree = "<group>"; };
		840ECB4E1EF246F30054A9D7 /* DetailViewController.swift */ = {isa = PBXFileReference; fileEncoding = 4; lastKnownFileType = sourcecode.swift; path = DetailViewController.swift; sourceTree = "<group>"; };
		8416ABC11EF66E6000BBD58D /* ColorExtension.swift */ = {isa = PBXFileReference; fileEncoding = 4; lastKnownFileType = sourcecode.swift; path = ColorExtension.swift; sourceTree = "<group>"; };
		8416ABC31EF6798500BBD58D /* UIExtension.swift */ = {isa = PBXFileReference; fileEncoding = 4; lastKnownFileType = sourcecode.swift; path = UIExtension.swift; sourceTree = "<group>"; };
		84287DE81EF018F9002EF340 /* Flick.app */ = {isa = PBXFileReference; explicitFileType = wrapper.application; includeInIndex = 0; path = Flick.app; sourceTree = BUILT_PRODUCTS_DIR; };
		84287DEB1EF018FA002EF340 /* AppDelegate.swift */ = {isa = PBXFileReference; lastKnownFileType = sourcecode.swift; path = AppDelegate.swift; sourceTree = "<group>"; };
		84287DED1EF018FA002EF340 /* ViewController.swift */ = {isa = PBXFileReference; lastKnownFileType = sourcecode.swift; path = ViewController.swift; sourceTree = "<group>"; };
		84287DF01EF018FA002EF340 /* Base */ = {isa = PBXFileReference; lastKnownFileType = file.storyboard; name = Base; path = Base.lproj/Main.storyboard; sourceTree = "<group>"; };
		84287DF21EF018FA002EF340 /* Assets.xcassets */ = {isa = PBXFileReference; lastKnownFileType = folder.assetcatalog; path = Assets.xcassets; sourceTree = "<group>"; };
		84287DF51EF018FA002EF340 /* Base */ = {isa = PBXFileReference; lastKnownFileType = file.storyboard; name = Base; path = Base.lproj/LaunchScreen.storyboard; sourceTree = "<group>"; };
		84287DF71EF018FA002EF340 /* Info.plist */ = {isa = PBXFileReference; lastKnownFileType = text.plist.xml; path = Info.plist; sourceTree = "<group>"; };
		84287E001EF021AA002EF340 /* MovieCell.swift */ = {isa = PBXFileReference; fileEncoding = 4; lastKnownFileType = sourcecode.swift; path = MovieCell.swift; sourceTree = "<group>"; };
/* End PBXFileReference section */

/* Begin PBXFrameworksBuildPhase section */
		84287DE51EF018F9002EF340 /* Frameworks */ = {
			isa = PBXFrameworksBuildPhase;
			buildActionMask = 2147483647;
			files = (
				3E8483AD8DB9C3D59A9A74B0 /* Pods_Flick.framework in Frameworks */,
			);
			runOnlyForDeploymentPostprocessing = 0;
		};
/* End PBXFrameworksBuildPhase section */

/* Begin PBXGroup section */
		0914ECDBE0ADE6B0D637A9A5 /* Pods */ = {
			isa = PBXGroup;
			children = (
				705B4A0EE65236C74F2DAE7D /* Pods-Flick.debug.xcconfig */,
				03FC86BAC89F31155C929A75 /* Pods-Flick.release.xcconfig */,
			);
			name = Pods;
			sourceTree = "<group>";
		};
		17B2D5EC4BCB40B1887EF7CB /* Frameworks */ = {
			isa = PBXGroup;
			children = (
				27CB22CA23B99253E06A660A /* Pods_Flick.framework */,
			);
			name = Frameworks;
			sourceTree = "<group>";
		};
		8416ABC01EF66E4A00BBD58D /* Helper */ = {
			isa = PBXGroup;
			children = (
				8416ABC11EF66E6000BBD58D /* ColorExtension.swift */,
				8416ABC31EF6798500BBD58D /* UIExtension.swift */,
			);
			name = Helper;
			sourceTree = "<group>";
		};
		84287DDF1EF018F9002EF340 = {
			isa = PBXGroup;
			children = (
				84287DEA1EF018F9002EF340 /* Flick */,
				84287DE91EF018F9002EF340 /* Products */,
				0914ECDBE0ADE6B0D637A9A5 /* Pods */,
				17B2D5EC4BCB40B1887EF7CB /* Frameworks */,
			);
			sourceTree = "<group>";
		};
		84287DE91EF018F9002EF340 /* Products */ = {
			isa = PBXGroup;
			children = (
				84287DE81EF018F9002EF340 /* Flick.app */,
			);
			name = Products;
			sourceTree = "<group>";
		};
		84287DEA1EF018F9002EF340 /* Flick */ = {
			isa = PBXGroup;
			children = (
				8416ABC01EF66E4A00BBD58D /* Helper */,
				84287DFF1EF01A85002EF340 /* Model */,
				84287DFE1EF01A7A002EF340 /* Controller */,
				84287DFD1EF01A70002EF340 /* View */,
				84287DEB1EF018FA002EF340 /* AppDelegate.swift */,
				84287DF21EF018FA002EF340 /* Assets.xcassets */,
				84287DF41EF018FA002EF340 /* LaunchScreen.storyboard */,
				84287DF71EF018FA002EF340 /* Info.plist */,
			);
			path = Flick;
			sourceTree = "<group>";
		};
		84287DFD1EF01A70002EF340 /* View */ = {
			isa = PBXGroup;
			children = (
				84287DEF1EF018FA002EF340 /* Main.storyboard */,
			);
			name = View;
			sourceTree = "<group>";
		};
		84287DFE1EF01A7A002EF340 /* Controller */ = {
			isa = PBXGroup;
			children = (
				84287DED1EF018FA002EF340 /* ViewController.swift */,
				84287E001EF021AA002EF340 /* MovieCell.swift */,
				840ECB4E1EF246F30054A9D7 /* DetailViewController.swift */,
			);
			name = Controller;
			sourceTree = "<group>";
		};
		84287DFF1EF01A85002EF340 /* Model */ = {
			isa = PBXGroup;
			children = (
			);
			name = Model;
			sourceTree = "<group>";
		};
/* End PBXGroup section */

/* Begin PBXNativeTarget section */
		84287DE71EF018F9002EF340 /* Flick */ = {
			isa = PBXNativeTarget;
			buildConfigurationList = 84287DFA1EF018FA002EF340 /* Build configuration list for PBXNativeTarget "Flick" */;
			buildPhases = (
				72A910C2D77795235E434231 /* [CP] Check Pods Manifest.lock */,
				84287DE41EF018F9002EF340 /* Sources */,
				84287DE51EF018F9002EF340 /* Frameworks */,
				84287DE61EF018F9002EF340 /* Resources */,
				15159A0F93004B96FE2E3A3F /* [CP] Embed Pods Frameworks */,
				7C8EABA8AA086B5346258B9B /* [CP] Copy Pods Resources */,
			);
			buildRules = (
			);
			dependencies = (
			);
			name = Flick;
			productName = Flick;
			productReference = 84287DE81EF018F9002EF340 /* Flick.app */;
			productType = "com.apple.product-type.application";
		};
/* End PBXNativeTarget section */

/* Begin PBXProject section */
		84287DE01EF018F9002EF340 /* Project object */ = {
			isa = PBXProject;
			attributes = {
				LastSwiftUpdateCheck = 0830;
				LastUpgradeCheck = 0830;
				ORGANIZATIONNAME = nhp;
				TargetAttributes = {
					84287DE71EF018F9002EF340 = {
						CreatedOnToolsVersion = 8.3.2;
						DevelopmentTeam = NHRH4MW253;
						ProvisioningStyle = Automatic;
					};
				};
			};
			buildConfigurationList = 84287DE31EF018F9002EF340 /* Build configuration list for PBXProject "Flick" */;
			compatibilityVersion = "Xcode 3.2";
			developmentRegion = English;
			hasScannedForEncodings = 0;
			knownRegions = (
				en,
				Base,
			);
			mainGroup = 84287DDF1EF018F9002EF340;
			productRefGroup = 84287DE91EF018F9002EF340 /* Products */;
			projectDirPath = "";
			projectRoot = "";
			targets = (
				84287DE71EF018F9002EF340 /* Flick */,
			);
		};
/* End PBXProject section */

/* Begin PBXResourcesBuildPhase section */
		84287DE61EF018F9002EF340 /* Resources */ = {
			isa = PBXResourcesBuildPhase;
			buildActionMask = 2147483647;
			files = (
				84287DF61EF018FA002EF340 /* LaunchScreen.storyboard in Resources */,
				84287DF31EF018FA002EF340 /* Assets.xcassets in Resources */,
				84287DF11EF018FA002EF340 /* Main.storyboard in Resources */,
			);
			runOnlyForDeploymentPostprocessing = 0;
		};
/* End PBXResourcesBuildPhase section */

/* Begin PBXShellScriptBuildPhase section */
		15159A0F93004B96FE2E3A3F /* [CP] Embed Pods Frameworks */ = {
			isa = PBXShellScriptBuildPhase;
			buildActionMask = 2147483647;
			files = (
			);
			inputPaths = (
			);
			name = "[CP] Embed Pods Frameworks";
			outputPaths = (
			);
			runOnlyForDeploymentPostprocessing = 0;
			shellPath = /bin/sh;
			shellScript = "\"${SRCROOT}/Pods/Target Support Files/Pods-Flick/Pods-Flick-frameworks.sh\"\n";
			showEnvVarsInLog = 0;
		};
		72A910C2D77795235E434231 /* [CP] Check Pods Manifest.lock */ = {
			isa = PBXShellScriptBuildPhase;
			buildActionMask = 2147483647;
			files = (
			);
			inputPaths = (
			);
			name = "[CP] Check Pods Manifest.lock";
			outputPaths = (
			);
			runOnlyForDeploymentPostprocessing = 0;
			shellPath = /bin/sh;
			shellScript = "diff \"${PODS_PODFILE_DIR_PATH}/Podfile.lock\" \"${PODS_ROOT}/Manifest.lock\" > /dev/null\nif [ $? != 0 ] ; then\n    # print error to STDERR\n    echo \"error: The sandbox is not in sync with the Podfile.lock. Run 'pod install' or update your CocoaPods installation.\" >&2\n    exit 1\nfi\n";
			showEnvVarsInLog = 0;
		};
		7C8EABA8AA086B5346258B9B /* [CP] Copy Pods Resources */ = {
			isa = PBXShellScriptBuildPhase;
			buildActionMask = 2147483647;
			files = (
			);
			inputPaths = (
			);
			name = "[CP] Copy Pods Resources";
			outputPaths = (
			);
			runOnlyForDeploymentPostprocessing = 0;
			shellPath = /bin/sh;
			shellScript = "\"${SRCROOT}/Pods/Target Support Files/Pods-Flick/Pods-Flick-resources.sh\"\n";
			showEnvVarsInLog = 0;
		};
/* End PBXShellScriptBuildPhase section */

/* Begin PBXSourcesBuildPhase section */
		84287DE41EF018F9002EF340 /* Sources */ = {
			isa = PBXSourcesBuildPhase;
			buildActionMask = 2147483647;
			files = (
				84287DEE1EF018FA002EF340 /* ViewController.swift in Sources */,
				8416ABC41EF6798500BBD58D /* UIExtension.swift in Sources */,
				84287DEC1EF018FA002EF340 /* AppDelegate.swift in Sources */,
				84287E011EF021AA002EF340 /* MovieCell.swift in Sources */,
				840ECB4F1EF246F30054A9D7 /* DetailViewController.swift in Sources */,
				8416ABC21EF66E6000BBD58D /* ColorExtension.swift in Sources */,
			);
			runOnlyForDeploymentPostprocessing = 0;
		};
/* End PBXSourcesBuildPhase section */

/* Begin PBXVariantGroup section */
		84287DEF1EF018FA002EF340 /* Main.storyboard */ = {
			isa = PBXVariantGroup;
			children = (
				84287DF01EF018FA002EF340 /* Base */,
			);
			name = Main.storyboard;
			sourceTree = "<group>";
		};
		84287DF41EF018FA002EF340 /* LaunchScreen.storyboard */ = {
			isa = PBXVariantGroup;
			children = (
				84287DF51EF018FA002EF340 /* Base */,
			);
			name = LaunchScreen.storyboard;
			sourceTree = "<group>";
		};
/* End PBXVariantGroup section */

/* Begin XCBuildConfiguration section */
		84287DF81EF018FA002EF340 /* Debug */ = {
			isa = XCBuildConfiguration;
			buildSettings = {
				ALWAYS_SEARCH_USER_PATHS = NO;
				CLANG_ANALYZER_NONNULL = YES;
				CLANG_ANALYZER_NUMBER_OBJECT_CONVERSION = YES_AGGRESSIVE;
				CLANG_CXX_LANGUAGE_STANDARD = "gnu++0x";
				CLANG_CXX_LIBRARY = "libc++";
				CLANG_ENABLE_MODULES = YES;
				CLANG_ENABLE_OBJC_ARC = YES;
				CLANG_WARN_BOOL_CONVERSION = YES;
				CLANG_WARN_CONSTANT_CONVERSION = YES;
				CLANG_WARN_DIRECT_OBJC_ISA_USAGE = YES_ERROR;
				CLANG_WARN_DOCUMENTATION_COMMENTS = YES;
				CLANG_WARN_EMPTY_BODY = YES;
				CLANG_WARN_ENUM_CONVERSION = YES;
				CLANG_WARN_INFINITE_RECURSION = YES;
				CLANG_WARN_INT_CONVERSION = YES;
				CLANG_WARN_OBJC_ROOT_CLASS = YES_ERROR;
				CLANG_WARN_SUSPICIOUS_MOVE = YES;
				CLANG_WARN_UNREACHABLE_CODE = YES;
				CLANG_WARN__DUPLICATE_METHOD_MATCH = YES;
				"CODE_SIGN_IDENTITY[sdk=iphoneos*]" = "iPhone Developer";
				COPY_PHASE_STRIP = NO;
				DEBUG_INFORMATION_FORMAT = dwarf;
				ENABLE_STRICT_OBJC_MSGSEND = YES;
				ENABLE_TESTABILITY = YES;
				GCC_C_LANGUAGE_STANDARD = gnu99;
				GCC_DYNAMIC_NO_PIC = NO;
				GCC_NO_COMMON_BLOCKS = YES;
				GCC_OPTIMIZATION_LEVEL = 0;
				GCC_PREPROCESSOR_DEFINITIONS = (
					"DEBUG=1",
					"$(inherited)",
				);
				GCC_WARN_64_TO_32_BIT_CONVERSION = YES;
				GCC_WARN_ABOUT_RETURN_TYPE = YES_ERROR;
				GCC_WARN_UNDECLARED_SELECTOR = YES;
				GCC_WARN_UNINITIALIZED_AUTOS = YES_AGGRESSIVE;
				GCC_WARN_UNUSED_FUNCTION = YES;
				GCC_WARN_UNUSED_VARIABLE = YES;
				IPHONEOS_DEPLOYMENT_TARGET = 10.3;
				MTL_ENABLE_DEBUG_INFO = YES;
				ONLY_ACTIVE_ARCH = YES;
				SDKROOT = iphoneos;
				SWIFT_ACTIVE_COMPILATION_CONDITIONS = DEBUG;
				SWIFT_OPTIMIZATION_LEVEL = "-Onone";
				TARGETED_DEVICE_FAMILY = "1,2";
			};
			name = Debug;
		};
		84287DF91EF018FA002EF340 /* Release */ = {
			isa = XCBuildConfiguration;
			buildSettings = {
				ALWAYS_SEARCH_USER_PATHS = NO;
				CLANG_ANALYZER_NONNULL = YES;
				CLANG_ANALYZER_NUMBER_OBJECT_CONVERSION = YES_AGGRESSIVE;
				CLANG_CXX_LANGUAGE_STANDARD = "gnu++0x";
				CLANG_CXX_LIBRARY = "libc++";
				CLANG_ENABLE_MODULES = YES;
				CLANG_ENABLE_OBJC_ARC = YES;
				CLANG_WARN_BOOL_CONVERSION = YES;
				CLANG_WARN_CONSTANT_CONVERSION = YES;
				CLANG_WARN_DIRECT_OBJC_ISA_USAGE = YES_ERROR;
				CLANG_WARN_DOCUMENTATION_COMMENTS = YES;
				CLANG_WARN_EMPTY_BODY = YES;
				CLANG_WARN_ENUM_CONVERSION = YES;
				CLANG_WARN_INFINITE_RECURSION = YES;
				CLANG_WARN_INT_CONVERSION = YES;
				CLANG_WARN_OBJC_ROOT_CLASS = YES_ERROR;
				CLANG_WARN_SUSPICIOUS_MOVE = YES;
				CLANG_WARN_UNREACHABLE_CODE = YES;
				CLANG_WARN__DUPLICATE_METHOD_MATCH = YES;
				"CODE_SIGN_IDENTITY[sdk=iphoneos*]" = "iPhone Developer";
				COPY_PHASE_STRIP = NO;
				DEBUG_INFORMATION_FORMAT = "dwarf-with-dsym";
				ENABLE_NS_ASSERTIONS = NO;
				ENABLE_STRICT_OBJC_MSGSEND = YES;
				GCC_C_LANGUAGE_STANDARD = gnu99;
				GCC_NO_COMMON_BLOCKS = YES;
				GCC_WARN_64_TO_32_BIT_CONVERSION = YES;
				GCC_WARN_ABOUT_RETURN_TYPE = YES_ERROR;
				GCC_WARN_UNDECLARED_SELECTOR = YES;
				GCC_WARN_UNINITIALIZED_AUTOS = YES_AGGRESSIVE;
				GCC_WARN_UNUSED_FUNCTION = YES;
				GCC_WARN_UNUSED_VARIABLE = YES;
				IPHONEOS_DEPLOYMENT_TARGET = 10.3;
				MTL_ENABLE_DEBUG_INFO = NO;
				SDKROOT = iphoneos;
				SWIFT_OPTIMIZATION_LEVEL = "-Owholemodule";
				TARGETED_DEVICE_FAMILY = "1,2";
				VALIDATE_PRODUCT = YES;
			};
			name = Release;
		};
		84287DFB1EF018FA002EF340 /* Debug */ = {
			isa = XCBuildConfiguration;
			baseConfigurationReference = 705B4A0EE65236C74F2DAE7D /* Pods-Flick.debug.xcconfig */;
			buildSettings = {
				ASSETCATALOG_COMPILER_APPICON_NAME = AppIcon;
				DEVELOPMENT_TEAM = NHRH4MW253;
				INFOPLIST_FILE = Flick/Info.plist;
				LD_RUNPATH_SEARCH_PATHS = "$(inherited) @executable_path/Frameworks";
				PRODUCT_BUNDLE_IDENTIFIER = ryan.Flick;
				PRODUCT_NAME = "$(TARGET_NAME)";
				SWIFT_VERSION = 3.0;
			};
			name = Debug;
		};
		84287DFC1EF018FA002EF340 /* Release */ = {
			isa = XCBuildConfiguration;
			baseConfigurationReference = 03FC86BAC89F31155C929A75 /* Pods-Flick.release.xcconfig */;
			buildSettings = {
				ASSETCATALOG_COMPILER_APPICON_NAME = AppIcon;
				DEVELOPMENT_TEAM = NHRH4MW253;
				INFOPLIST_FILE = Flick/Info.plist;
				LD_RUNPATH_SEARCH_PATHS = "$(inherited) @executable_path/Frameworks";
				PRODUCT_BUNDLE_IDENTIFIER = ryan.Flick;
				PRODUCT_NAME = "$(TARGET_NAME)";
				SWIFT_VERSION = 3.0;
			};
			name = Release;
		};
/* End XCBuildConfiguration section */

/* Begin XCConfigurationList section */
		84287DE31EF018F9002EF340 /* Build configuration list for PBXProject "Flick" */ = {
			isa = XCConfigurationList;
			buildConfigurations = (
				84287DF81EF018FA002EF340 /* Debug */,
				84287DF91EF018FA002EF340 /* Release */,
			);
			defaultConfigurationIsVisible = 0;
			defaultConfigurationName = Release;
		};
		84287DFA1EF018FA002EF340 /* Build configuration list for PBXNativeTarget "Flick" */ = {
			isa = XCConfigurationList;
			buildConfigurations = (
				84287DFB1EF018FA002EF340 /* Debug */,
				84287DFC1EF018FA002EF340 /* Release */,
			);
			defaultConfigurationIsVisible = 0;
			defaultConfigurationName = Release;
		};
/* End XCConfigurationList section */
	};
	rootObject = 84287DE01EF018F9002EF340 /* Project object */;
}
